
Microsoft Visual Studio Solution File, Format Version 12.00
# Visual Studio Version 17
VisualStudioVersion = 17.5.33502.453
MinimumVisualStudioVersion = 10.0.40219.1
Project("{8BC9CEB8-8B4A-11D0-8D11-00A0C91BC942}") = "proyecto", "proyecto\proyecto.vcxproj", "{8B6EA7D8-7E71-4304-845E-A458C065E03C}"
EndProject
Project("{8BC9CEB8-8B4A-11D0-8D11-00A0C91BC942}") = "pruebas", "pruebas\pruebas.vcxproj", "{F2D56F04-D5E9-4FBD-AE49-D4D1550F0FE1}"
EndProject
Global
	GlobalSection(SolutionConfigurationPlatforms) = preSolution
		Debug|x64 = Debug|x64
		Debug|x86 = Debug|x86
		Release|x64 = Release|x64
		Release|x86 = Release|x86
	EndGlobalSection
	GlobalSection(ProjectConfigurationPlatforms) = postSolution
		{8B6EA7D8-7E71-4304-845E-A458C065E03C}.Debug|x64.ActiveCfg = Debug|x64
		{8B6EA7D8-7E71-4304-845E-A458C065E03C}.Debug|x64.Build.0 = Debug|x64
		{8B6EA7D8-7E71-4304-845E-A458C065E03C}.Debug|x86.ActiveCfg = Debug|Win32
		{8B6EA7D8-7E71-4304-845E-A458C065E03C}.Debug|x86.Build.0 = Debug|Win32
		{8B6EA7D8-7E71-4304-845E-A458C065E03C}.Release|x64.ActiveCfg = Release|x64
		{8B6EA7D8-7E71-4304-845E-A458C065E03C}.Release|x64.Build.0 = Release|x64
		{8B6EA7D8-7E71-4304-845E-A458C065E03C}.Release|x86.ActiveCfg = Release|Win32
		{8B6EA7D8-7E71-4304-845E-A458C065E03C}.Release|x86.Build.0 = Release|Win32
		{F2D56F04-D5E9-4FBD-AE49-D4D1550F0FE1}.Debug|x64.ActiveCfg = Debug|x64
		{F2D56F04-D5E9-4FBD-AE49-D4D1550F0FE1}.Debug|x64.Build.0 = Debug|x64
		{F2D56F04-D5E9-4FBD-AE49-D4D1550F0FE1}.Debug|x86.ActiveCfg = Debug|Win32
		{F2D56F04-D5E9-4FBD-AE49-D4D1550F0FE1}.Debug|x86.Build.0 = Debug|Win32
		{F2D56F04-D5E9-4FBD-AE49-D4D1550F0FE1}.Release|x64.ActiveCfg = Release|x64
		{F2D56F04-D5E9-4FBD-AE49-D4D1550F0FE1}.Release|x64.Build.0 = Release|x64
		{F2D56F04-D5E9-4FBD-AE49-D4D1550F0FE1}.Release|x86.ActiveCfg = Release|Win32
		{F2D56F04-D5E9-4FBD-AE49-D4D1550F0FE1}.Release|x86.Build.0 = Release|Win32
	EndGlobalSection
	GlobalSection(SolutionProperties) = preSolution
		HideSolutionNode = FALSE
	EndGlobalSection
	GlobalSection(ExtensibilityGlobals) = postSolution
		SolutionGuid = {ACF8935F-FA82-4E24-89FE-8E5EEA009518}
	EndGlobalSection
EndGlobal
